
Microsoft Visual Studio Solution File, Format Version 12.00
# Visual Studio Version 16
VisualStudioVersion = 16.0.29230.47
MinimumVisualStudioVersion = 10.0.40219.1
Project("{FAE04EC0-301F-11D3-BF4B-00C04F79EFBC}") = "Register", "Register\Register.csproj", "{0A4AE659-334B-4AF0-94F4-005EA741F63B}"
EndProject
Global
	GlobalSection(SolutionConfigurationPlatforms) = preSolution
		Debug|Any CPU = Debug|Any CPU
		Release|Any CPU = Release|Any CPU
	EndGlobalSection
	GlobalSection(ProjectConfigurationPlatforms) = postSolution
		{0A4AE659-334B-4AF0-94F4-005EA741F63B}.Debug|Any CPU.ActiveCfg = Debug|Any CPU
		{0A4AE659-334B-4AF0-94F4-005EA741F63B}.Debug|Any CPU.Build.0 = Debug|Any CPU
		{0A4AE659-334B-4AF0-94F4-005EA741F63B}.Release|Any CPU.ActiveCfg = Release|Any CPU
		{0A4AE659-334B-4AF0-94F4-005EA741F63B}.Release|Any CPU.Build.0 = Release|Any CPU
	EndGlobalSection
	GlobalSection(SolutionProperties) = preSolution
		HideSolutionNode = FALSE
	EndGlobalSection
	GlobalSection(ExtensibilityGlobals) = postSolution
		SolutionGuid = {EBB7ED8D-1F51-434A-9A46-85B7D6BBFDC8}
	EndGlobalSection
EndGlobal
