
Microsoft Visual Studio Solution File, Format Version 12.00
# Visual Studio Version 16
VisualStudioVersion = 16.0.29424.173
MinimumVisualStudioVersion = 10.0.40219.1
Project("{FAE04EC0-301F-11D3-BF4B-00C04F79EFBC}") = "LogViewer", "LogViewer\LogViewer.csproj", "{1CD8FC02-B3E7-4DEA-9798-25628DB4369F}"
EndProject
Project("{FAE04EC0-301F-11D3-BF4B-00C04F79EFBC}") = "EmloyeeRegistration", "EmloyeeRegistration\EmloyeeRegistration.csproj", "{C3BFE43E-FC85-4BCE-851E-DB99892D6413}"
EndProject
Global
	GlobalSection(SolutionConfigurationPlatforms) = preSolution
		Debug|Any CPU = Debug|Any CPU
		Release|Any CPU = Release|Any CPU
	EndGlobalSection
	GlobalSection(ProjectConfigurationPlatforms) = postSolution
		{1CD8FC02-B3E7-4DEA-9798-25628DB4369F}.Debug|Any CPU.ActiveCfg = Debug|Any CPU
		{1CD8FC02-B3E7-4DEA-9798-25628DB4369F}.Debug|Any CPU.Build.0 = Debug|Any CPU
		{1CD8FC02-B3E7-4DEA-9798-25628DB4369F}.Release|Any CPU.ActiveCfg = Release|Any CPU
		{1CD8FC02-B3E7-4DEA-9798-25628DB4369F}.Release|Any CPU.Build.0 = Release|Any CPU
		{C3BFE43E-FC85-4BCE-851E-DB99892D6413}.Debug|Any CPU.ActiveCfg = Debug|Any CPU
		{C3BFE43E-FC85-4BCE-851E-DB99892D6413}.Debug|Any CPU.Build.0 = Debug|Any CPU
		{C3BFE43E-FC85-4BCE-851E-DB99892D6413}.Release|Any CPU.ActiveCfg = Release|Any CPU
		{C3BFE43E-FC85-4BCE-851E-DB99892D6413}.Release|Any CPU.Build.0 = Release|Any CPU
	EndGlobalSection
	GlobalSection(SolutionProperties) = preSolution
		HideSolutionNode = FALSE
	EndGlobalSection
	GlobalSection(ExtensibilityGlobals) = postSolution
		SolutionGuid = {C4593FD2-4943-478B-AD31-61A72D239D85}
	EndGlobalSection
EndGlobal
